
Microsoft Visual Studio Solution File, Format Version 12.00
# Visual Studio Version 16
VisualStudioVersion = 16.0.31005.135
MinimumVisualStudioVersion = 10.0.40219.1
Project("{FAE04EC0-301F-11D3-BF4B-00C04F79EFBC}") = "LAB1", "LAB1\LAB1.csproj", "{12D17AFD-A127-42D1-8C91-E5F8776F789D}"
EndProject
Global
	GlobalSection(SolutionConfigurationPlatforms) = preSolution
		Debug|Any CPU = Debug|Any CPU
		Release|Any CPU = Release|Any CPU
	EndGlobalSection
	GlobalSection(ProjectConfigurationPlatforms) = postSolution
		{12D17AFD-A127-42D1-8C91-E5F8776F789D}.Debug|Any CPU.ActiveCfg = Debug|Any CPU
		{12D17AFD-A127-42D1-8C91-E5F8776F789D}.Debug|Any CPU.Build.0 = Debug|Any CPU
		{12D17AFD-A127-42D1-8C91-E5F8776F789D}.Release|Any CPU.ActiveCfg = Release|Any CPU
		{12D17AFD-A127-42D1-8C91-E5F8776F789D}.Release|Any CPU.Build.0 = Release|Any CPU
	EndGlobalSection
	GlobalSection(SolutionProperties) = preSolution
		HideSolutionNode = FALSE
	EndGlobalSection
	GlobalSection(ExtensibilityGlobals) = postSolution
		SolutionGuid = {CCC1DF70-8DB2-42A8-83DE-B1FC52DBDE41}
	EndGlobalSection
EndGlobal
